Microsoft Visual Studio Solution File, Format Version 12.00
# Visual Studio Version 17
VisualStudioVersion = 17.9.34728.123
MinimumVisualStudioVersion = 10.0.40219.1
Project("{9A19103F-16F7-4668-BE54-9A1E7A4F7556}") = "Sitreamai", "Sitreamai\Sitreamai.csproj", "{5ABCC8F1-29A2-4493-98EB-AFD2CCF68FB7}"
EndProject
Project("{9A19103F-16F7-4668-BE54-9A1E7A4F7556}") = "MaiChartManager", "MaiChartManager\MaiChartManager.csproj", "{16CDF3F3-C0E1-4D32-BFC9-07C8057B8F68}"
EndProject
Project("{9A19103F-16F7-4668-BE54-9A1E7A4F7556}") = "SimaiSharp", "SimaiSharp\SimaiSharp\SimaiSharp.csproj", "{5633AACB-9089-497C-8596-2C27BEAD2201}"
EndProject
Project("{9A19103F-16F7-4668-BE54-9A1E7A4F7556}") = "MaiLib", "MaiLib\MaiLib.csproj", "{077998A7-9AD8-4F41-B93B-B63EFD19A550}"
EndProject
Project("{FAE04EC0-301F-11D3-BF4B-00C04F79EFBC}") = "SonicAudioLib", "SonicAudioTools\Source\SonicAudioLib\SonicAudioLib.csproj", "{63138773-1F47-474C-9345-15EB6183ECC6}"
EndProject
Project("{FAE04EC0-301F-11D3-BF4B-00C04F79EFBC}") = "LB_Common", "XV2-Tools\LB_Common\LB_Common.csproj", "{513B1851-4576-45EC-8F8E-400A38B05502}"
EndProject
Project("{FAE04EC0-301F-11D3-BF4B-00C04F79EFBC}") = "Xv2CoreLib", "XV2-Tools\Xv2CoreLib\Xv2CoreLib.csproj", "{FDB88E51-0D73-47B9-A342-E574EC0BA583}"
EndProject
Global
	GlobalSection(SolutionConfigurationPlatforms) = preSolution
		Debug|x64 = Debug|x64
		Release|x64 = Release|x64
		Crack|x64 = Crack|x64
	EndGlobalSection
	GlobalSection(ProjectConfigurationPlatforms) = postSolution
		{5ABCC8F1-29A2-4493-98EB-AFD2CCF68FB7}.Debug|x64.ActiveCfg = Debug|x64
		{5ABCC8F1-29A2-4493-98EB-AFD2CCF68FB7}.Debug|x64.Build.0 = Debug|x64
		{5ABCC8F1-29A2-4493-98EB-AFD2CCF68FB7}.Release|x64.ActiveCfg = Release|x64
		{5ABCC8F1-29A2-4493-98EB-AFD2CCF68FB7}.Release|x64.Build.0 = Release|x64
		{5ABCC8F1-29A2-4493-98EB-AFD2CCF68FB7}.Crack|x64.ActiveCfg = Release|x64
		{16CDF3F3-C0E1-4D32-BFC9-07C8057B8F68}.Debug|x64.ActiveCfg = Debug|x64
		{16CDF3F3-C0E1-4D32-BFC9-07C8057B8F68}.Debug|x64.Build.0 = Debug|x64
		{16CDF3F3-C0E1-4D32-BFC9-07C8057B8F68}.Release|x64.ActiveCfg = Release|x64
		{16CDF3F3-C0E1-4D32-BFC9-07C8057B8F68}.Release|x64.Build.0 = Release|x64
		{16CDF3F3-C0E1-4D32-BFC9-07C8057B8F68}.Crack|x64.ActiveCfg = Crack|x64
		{16CDF3F3-C0E1-4D32-BFC9-07C8057B8F68}.Crack|x64.Build.0 = Crack|x64
		{5633AACB-9089-497C-8596-2C27BEAD2201}.Debug|x64.ActiveCfg = Debug|Any CPU
		{5633AACB-9089-497C-8596-2C27BEAD2201}.Debug|x64.Build.0 = Debug|Any CPU
		{5633AACB-9089-497C-8596-2C27BEAD2201}.Release|x64.ActiveCfg = Release|Any CPU
		{5633AACB-9089-497C-8596-2C27BEAD2201}.Release|x64.Build.0 = Release|Any CPU
		{5633AACB-9089-497C-8596-2C27BEAD2201}.Crack|x64.ActiveCfg = Release|Any CPU
		{077998A7-9AD8-4F41-B93B-B63EFD19A550}.Debug|x64.ActiveCfg = Debug|Any CPU
		{077998A7-9AD8-4F41-B93B-B63EFD19A550}.Debug|x64.Build.0 = Debug|Any CPU
		{077998A7-9AD8-4F41-B93B-B63EFD19A550}.Release|x64.ActiveCfg = Release|Any CPU
		{077998A7-9AD8-4F41-B93B-B63EFD19A550}.Release|x64.Build.0 = Release|Any CPU
		{077998A7-9AD8-4F41-B93B-B63EFD19A550}.Crack|x64.ActiveCfg = Release|Any CPU
		{63138773-1F47-474C-9345-15EB6183ECC6}.Debug|x64.ActiveCfg = Debug|Any CPU
		{63138773-1F47-474C-9345-15EB6183ECC6}.Debug|x64.Build.0 = Debug|Any CPU
		{63138773-1F47-474C-9345-15EB6183ECC6}.Release|x64.ActiveCfg = Release|Any CPU
		{63138773-1F47-474C-9345-15EB6183ECC6}.Release|x64.Build.0 = Release|Any CPU
		{63138773-1F47-474C-9345-15EB6183ECC6}.Crack|x64.ActiveCfg = Release|Any CPU
		{513B1851-4576-45EC-8F8E-400A38B05502}.Debug|x64.ActiveCfg = Debug|Any CPU
		{513B1851-4576-45EC-8F8E-400A38B05502}.Debug|x64.Build.0 = Debug|Any CPU
		{513B1851-4576-45EC-8F8E-400A38B05502}.Release|x64.ActiveCfg = Release|Any CPU
		{513B1851-4576-45EC-8F8E-400A38B05502}.Release|x64.Build.0 = Release|Any CPU
		{513B1851-4576-45EC-8F8E-400A38B05502}.Crack|x64.ActiveCfg = Debug|Any CPU
		{FDB88E51-0D73-47B9-A342-E574EC0BA583}.Debug|x64.ActiveCfg = Debug|Any CPU
		{FDB88E51-0D73-47B9-A342-E574EC0BA583}.Debug|x64.Build.0 = Debug|Any CPU
		{FDB88E51-0D73-47B9-A342-E574EC0BA583}.Release|x64.ActiveCfg = Release|Any CPU
		{FDB88E51-0D73-47B9-A342-E574EC0BA583}.Release|x64.Build.0 = Release|Any CPU
		{FDB88E51-0D73-47B9-A342-E574EC0BA583}.Crack|x64.ActiveCfg = Debug|Any CPU
	EndGlobalSection
	GlobalSection(SolutionProperties) = preSolution
		HideSolutionNode = FALSE
	EndGlobalSection
	GlobalSection(ExtensibilityGlobals) = postSolution
		SolutionGuid = {CA9E21AD-1264-4AEC-9AD6-C4B4754DD6E9}
	EndGlobalSection
EndGlobal
